// !$*UTF8*$!
{
	archiveVersion = 1;
	classes = {
	};
	objectVersion = 56;
	objects = {

/* Begin PBXBuildFile section */
		BF045C502BDDB21200EB15A1 /* News.swift in Sources */ = {isa = PBXBuildFile; fileRef = BF045C4F2BDDB21200EB15A1 /* News.swift */; };
		BF733D0A2BDEE89400AC2795 /* ReadNewsViewController.swift in Sources */ = {isa = PBXBuildFile; fileRef = BF733D092BDEE89400AC2795 /* ReadNewsViewController.swift */; };
		BF733D0F2BE124CA00AC2795 /* SearchViewController.swift in Sources */ = {isa = PBXBuildFile; fileRef = BF733D0E2BE124CA00AC2795 /* SearchViewController.swift */; };
		BF733D112BE124E000AC2795 /* SavedNewsViewController.swift in Sources */ = {isa = PBXBuildFile; fileRef = BF733D102BE124E000AC2795 /* SavedNewsViewController.swift */; };
		BF733D132BE126FA00AC2795 /* SingletonDataSource.swift in Sources */ = {isa = PBXBuildFile; fileRef = BF733D122BE126FA00AC2795 /* SingletonDataSource.swift */; };
		BFF381672BDDAAC10010D9EC /* AppDelegate.swift in Sources */ = {isa = PBXBuildFile; fileRef = BFF381662BDDAAC10010D9EC /* AppDelegate.swift */; };
		BFF381692BDDAAC10010D9EC /* SceneDelegate.swift in Sources */ = {isa = PBXBuildFile; fileRef = BFF381682BDDAAC10010D9EC /* SceneDelegate.swift */; };
		BFF3816E2BDDAAC10010D9EC /* Base in Resources */ = {isa = PBXBuildFile; fileRef = BFF3816D2BDDAAC10010D9EC /* Base */; };
		BFF381702BDDAAC60010D9EC /* Assets.xcassets in Resources */ = {isa = PBXBuildFile; fileRef = BFF3816F2BDDAAC60010D9EC /* Assets.xcassets */; };
		BFF381732BDDAAC60010D9EC /* Base in Resources */ = {isa = PBXBuildFile; fileRef = BFF381722BDDAAC60010D9EC /* Base */; };
		BFF3817C2BDDACAF0010D9EC /* NewsTableViewCell.xib in Resources */ = {isa = PBXBuildFile; fileRef = BFF3817B2BDDACAF0010D9EC /* NewsTableViewCell.xib */; };
		BFF3817D2BDDACAF0010D9EC /* NewsTableViewCell.swift in Sources */ = {isa = PBXBuildFile; fileRef = BFF3817A2BDDACAF0010D9EC /* NewsTableViewCell.swift */; };
		BFF3817F2BDDACDE0010D9EC /* NewsViewController.swift in Sources */ = {isa = PBXBuildFile; fileRef = BFF3817E2BDDACDE0010D9EC /* NewsViewController.swift */; };
/* End PBXBuildFile section */

/* Begin PBXFileReference section */
		BF045C4F2BDDB21200EB15A1 /* News.swift */ = {isa = PBXFileReference; lastKnownFileType = sourcecode.swift; path = News.swift; sourceTree = "<group>"; };
		BF733D092BDEE89400AC2795 /* ReadNewsViewController.swift */ = {isa = PBXFileReference; lastKnownFileType = sourcecode.swift; path = ReadNewsViewController.swift; sourceTree = "<group>"; };
		BF733D0E2BE124CA00AC2795 /* SearchViewController.swift */ = {isa = PBXFileReference; lastKnownFileType = sourcecode.swift; path = SearchViewController.swift; sourceTree = "<group>"; };
		BF733D102BE124E000AC2795 /* SavedNewsViewController.swift */ = {isa = PBXFileReference; lastKnownFileType = sourcecode.swift; path = SavedNewsViewController.swift; sourceTree = "<group>"; };
		BF733D122BE126FA00AC2795 /* SingletonDataSource.swift */ = {isa = PBXFileReference; lastKnownFileType = sourcecode.swift; path = SingletonDataSource.swift; sourceTree = "<group>"; };
		BFF381632BDDAAC10010D9EC /* PulseNews.app */ = {isa = PBXFileReference; explicitFileType = wrapper.application; includeInIndex = 0; path = PulseNews.app; sourceTree = BUILT_PRODUCTS_DIR; };
		BFF381662BDDAAC10010D9EC /* AppDelegate.swift */ = {isa = PBXFileReference; lastKnownFileType = sourcecode.swift; path = AppDelegate.swift; sourceTree = "<group>"; };
		BFF381682BDDAAC10010D9EC /* SceneDelegate.swift */ = {isa = PBXFileReference; lastKnownFileType = sourcecode.swift; path = SceneDelegate.swift; sourceTree = "<group>"; };
		BFF3816D2BDDAAC10010D9EC /* Base */ = {isa = PBXFileReference; lastKnownFileType = file.storyboard; name = Base; path = Base.lproj/Main.storyboard; sourceTree = "<group>"; };
		BFF3816F2BDDAAC60010D9EC /* Assets.xcassets */ = {isa = PBXFileReference; lastKnownFileType = folder.assetcatalog; path = Assets.xcassets; sourceTree = "<group>"; };
		BFF381722BDDAAC60010D9EC /* Base */ = {isa = PBXFileReference; lastKnownFileType = file.storyboard; name = Base; path = Base.lproj/LaunchScreen.storyboard; sourceTree = "<group>"; };
		BFF381742BDDAAC60010D9EC /* Info.plist */ = {isa = PBXFileReference; lastKnownFileType = text.plist.xml; path = Info.plist; sourceTree = "<group>"; };
		BFF3817A2BDDACAF0010D9EC /* NewsTableViewCell.swift */ = {isa = PBXFileReference; lastKnownFileType = sourcecode.swift; path = NewsTableViewCell.swift; sourceTree = "<group>"; };
		BFF3817B2BDDACAF0010D9EC /* NewsTableViewCell.xib */ = {isa = PBXFileReference; lastKnownFileType = file.xib; path = NewsTableViewCell.xib; sourceTree = "<group>"; };
		BFF3817E2BDDACDE0010D9EC /* NewsViewController.swift */ = {isa = PBXFileReference; lastKnownFileType = sourcecode.swift; path = NewsViewController.swift; sourceTree = "<group>"; };
/* End PBXFileReference section */

/* Begin PBXFrameworksBuildPhase section */
		BFF381602BDDAAC10010D9EC /* Frameworks */ = {
			isa = PBXFrameworksBuildPhase;
			buildActionMask = 2147483647;
			files = (
			);
			runOnlyForDeploymentPostprocessing = 0;
		};
/* End PBXFrameworksBuildPhase section */

/* Begin PBXGroup section */
		BF733D0B2BE1243600AC2795 /* Controllers */ = {
			isa = PBXGroup;
			children = (
				BFF3817E2BDDACDE0010D9EC /* NewsViewController.swift */,
				BF733D092BDEE89400AC2795 /* ReadNewsViewController.swift */,
				BF733D0E2BE124CA00AC2795 /* SearchViewController.swift */,
				BF733D102BE124E000AC2795 /* SavedNewsViewController.swift */,
			);
			path = Controllers;
			sourceTree = "<group>";
		};
		BF733D0C2BE1244800AC2795 /* Cell */ = {
			isa = PBXGroup;
			children = (
				BFF3817A2BDDACAF0010D9EC /* NewsTableViewCell.swift */,
				BFF3817B2BDDACAF0010D9EC /* NewsTableViewCell.xib */,
			);
			path = Cell;
			sourceTree = "<group>";
		};
		BF733D0D2BE1245900AC2795 /* Model */ = {
			isa = PBXGroup;
			children = (
				BF045C4F2BDDB21200EB15A1 /* News.swift */,
				BF733D122BE126FA00AC2795 /* SingletonDataSource.swift */,
			);
			path = Model;
			sourceTree = "<group>";
		};
		BFF3815A2BDDAAC10010D9EC = {
			isa = PBXGroup;
			children = (
				BFF381652BDDAAC10010D9EC /* PulseNews */,
				BFF381642BDDAAC10010D9EC /* Products */,
			);
			sourceTree = "<group>";
		};
		BFF381642BDDAAC10010D9EC /* Products */ = {
			isa = PBXGroup;
			children = (
				BFF381632BDDAAC10010D9EC /* PulseNews.app */,
			);
			name = Products;
			sourceTree = "<group>";
		};
		BFF381652BDDAAC10010D9EC /* PulseNews */ = {
			isa = PBXGroup;
			children = (
				BF733D0D2BE1245900AC2795 /* Model */,
				BF733D0C2BE1244800AC2795 /* Cell */,
				BF733D0B2BE1243600AC2795 /* Controllers */,
				BFF381662BDDAAC10010D9EC /* AppDelegate.swift */,
				BFF381682BDDAAC10010D9EC /* SceneDelegate.swift */,
				BFF3816C2BDDAAC10010D9EC /* Main.storyboard */,
				BFF3816F2BDDAAC60010D9EC /* Assets.xcassets */,
				BFF381712BDDAAC60010D9EC /* LaunchScreen.storyboard */,
				BFF381742BDDAAC60010D9EC /* Info.plist */,
			);
			path = PulseNews;
			sourceTree = "<group>";
		};
/* End PBXGroup section */

/* Begin PBXNativeTarget section */
		BFF381622BDDAAC10010D9EC /* PulseNews */ = {
			isa = PBXNativeTarget;
			buildConfigurationList = BFF381772BDDAAC60010D9EC /* Build configuration list for PBXNativeTarget "PulseNews" */;
			buildPhases = (
				BFF3815F2BDDAAC10010D9EC /* Sources */,
				BFF381602BDDAAC10010D9EC /* Frameworks */,
				BFF381612BDDAAC10010D9EC /* Resources */,
			);
			buildRules = (
			);
			dependencies = (
			);
			name = PulseNews;
			productName = PulseNews;
			productReference = BFF381632BDDAAC10010D9EC /* PulseNews.app */;
			productType = "com.apple.product-type.application";
		};
/* End PBXNativeTarget section */

/* Begin PBXProject section */
		BFF3815B2BDDAAC10010D9EC /* Project object */ = {
			isa = PBXProject;
			attributes = {
				BuildIndependentTargetsInParallel = 1;
				LastSwiftUpdateCheck = 1530;
				LastUpgradeCheck = 1530;
				TargetAttributes = {
					BFF381622BDDAAC10010D9EC = {
						CreatedOnToolsVersion = 15.3;
					};
				};
			};
			buildConfigurationList = BFF3815E2BDDAAC10010D9EC /* Build configuration list for PBXProject "PulseNews" */;
			compatibilityVersion = "Xcode 14.0";
			developmentRegion = en;
			hasScannedForEncodings = 0;
			knownRegions = (
				en,
				Base,
			);
			mainGroup = BFF3815A2BDDAAC10010D9EC;
			productRefGroup = BFF381642BDDAAC10010D9EC /* Products */;
			projectDirPath = "";
			projectRoot = "";
			targets = (
				BFF381622BDDAAC10010D9EC /* PulseNews */,
			);
		};
/* End PBXProject section */

/* Begin PBXResourcesBuildPhase section */
		BFF381612BDDAAC10010D9EC /* Resources */ = {
			isa = PBXResourcesBuildPhase;
			buildActionMask = 2147483647;
			files = (
				BFF381702BDDAAC60010D9EC /* Assets.xcassets in Resources */,
				BFF381732BDDAAC60010D9EC /* Base in Resources */,
				BFF3817C2BDDACAF0010D9EC /* NewsTableViewCell.xib in Resources */,
				BFF3816E2BDDAAC10010D9EC /* Base in Resources */,
			);
			runOnlyForDeploymentPostprocessing = 0;
		};
/* End PBXResourcesBuildPhase section */

/* Begin PBXSourcesBuildPhase section */
		BFF3815F2BDDAAC10010D9EC /* Sources */ = {
			isa = PBXSourcesBuildPhase;
			buildActionMask = 2147483647;
			files = (
				BFF381672BDDAAC10010D9EC /* AppDelegate.swift in Sources */,
				BF733D0F2BE124CA00AC2795 /* SearchViewController.swift in Sources */,
				BF733D132BE126FA00AC2795 /* SingletonDataSource.swift in Sources */,
				BF733D0A2BDEE89400AC2795 /* ReadNewsViewController.swift in Sources */,
				BFF381692BDDAAC10010D9EC /* SceneDelegate.swift in Sources */,
				BFF3817D2BDDACAF0010D9EC /* NewsTableViewCell.swift in Sources */,
				BF045C502BDDB21200EB15A1 /* News.swift in Sources */,
				BFF3817F2BDDACDE0010D9EC /* NewsViewController.swift in Sources */,
				BF733D112BE124E000AC2795 /* SavedNewsViewController.swift in Sources */,
			);
			runOnlyForDeploymentPostprocessing = 0;
		};
/* End PBXSourcesBuildPhase section */

/* Begin PBXVariantGroup section */
		BFF3816C2BDDAAC10010D9EC /* Main.storyboard */ = {
			isa = PBXVariantGroup;
			children = (
				BFF3816D2BDDAAC10010D9EC /* Base */,
			);
			name = Main.storyboard;
			sourceTree = "<group>";
		};
		BFF381712BDDAAC60010D9EC /* LaunchScreen.storyboard */ = {
			isa = PBXVariantGroup;
			children = (
				BFF381722BDDAAC60010D9EC /* Base */,
			);
			name = LaunchScreen.storyboard;
			sourceTree = "<group>";
		};
/* End PBXVariantGroup section */

/* Begin XCBuildConfiguration section */
		BFF381752BDDAAC60010D9EC /* Debug */ = {
			isa = XCBuildConfiguration;
			buildSettings = {
				ALWAYS_SEARCH_USER_PATHS = NO;
				ASSETCATALOG_COMPILER_GENERATE_SWIFT_ASSET_SYMBOL_EXTENSIONS = YES;
				CLANG_ANALYZER_NONNULL = YES;
				CLANG_ANALYZER_NUMBER_OBJECT_CONVERSION = YES_AGGRESSIVE;
				CLANG_CXX_LANGUAGE_STANDARD = "gnu++20";
				CLANG_ENABLE_MODULES = YES;
				CLANG_ENABLE_OBJC_ARC = YES;
				CLANG_ENABLE_OBJC_WEAK = YES;
				CLANG_WARN_BLOCK_CAPTURE_AUTORELEASING = YES;
				CLANG_WARN_BOOL_CONVERSION = YES;
				CLANG_WARN_COMMA = YES;
				CLANG_WARN_CONSTANT_CONVERSION = YES;
				CLANG_WARN_DEPRECATED_OBJC_IMPLEMENTATIONS = YES;
				CLANG_WARN_DIRECT_OBJC_ISA_USAGE = YES_ERROR;
				CLANG_WARN_DOCUMENTATION_COMMENTS = YES;
				CLANG_WARN_EMPTY_BODY = YES;
				CLANG_WARN_ENUM_CONVERSION = YES;
				CLANG_WARN_INFINITE_RECURSION = YES;
				CLANG_WARN_INT_CONVERSION = YES;
				CLANG_WARN_NON_LITERAL_NULL_CONVERSION = YES;
				CLANG_WARN_OBJC_IMPLICIT_RETAIN_SELF = YES;
				CLANG_WARN_OBJC_LITERAL_CONVERSION = YES;
				CLANG_WARN_OBJC_ROOT_CLASS = YES_ERROR;
				CLANG_WARN_QUOTED_INCLUDE_IN_FRAMEWORK_HEADER = YES;
				CLANG_WARN_RANGE_LOOP_ANALYSIS = YES;
				CLANG_WARN_STRICT_PROTOTYPES = YES;
				CLANG_WARN_SUSPICIOUS_MOVE = YES;
				CLANG_WARN_UNGUARDED_AVAILABILITY = YES_AGGRESSIVE;
				CLANG_WARN_UNREACHABLE_CODE = YES;
				CLANG_WARN__DUPLICATE_METHOD_MATCH = YES;
				COPY_PHASE_STRIP = NO;
				DEBUG_INFORMATION_FORMAT = dwarf;
				ENABLE_STRICT_OBJC_MSGSEND = YES;
				ENABLE_TESTABILITY = YES;
				ENABLE_USER_SCRIPT_SANDBOXING = YES;
				GCC_C_LANGUAGE_STANDARD = gnu17;
				GCC_DYNAMIC_NO_PIC = NO;
				GCC_NO_COMMON_BLOCKS = YES;
				GCC_OPTIMIZATION_LEVEL = 0;
				GCC_PREPROCESSOR_DEFINITIONS = (
					"DEBUG=1",
					"$(inherited)",
				);
				GCC_WARN_64_TO_32_BIT_CONVERSION = YES;
				GCC_WARN_ABOUT_RETURN_TYPE = YES_ERROR;
				GCC_WARN_UNDECLARED_SELECTOR = YES;
				GCC_WARN_UNINITIALIZED_AUTOS = YES_AGGRESSIVE;
				GCC_WARN_UNUSED_FUNCTION = YES;
				GCC_WARN_UNUSED_VARIABLE = YES;
				IPHONEOS_DEPLOYMENT_TARGET = 17.4;
				LOCALIZATION_PREFERS_STRING_CATALOGS = YES;
				MTL_ENABLE_DEBUG_INFO = INCLUDE_SOURCE;
				MTL_FAST_MATH = YES;
				ONLY_ACTIVE_ARCH = YES;
				SDKROOT = iphoneos;
				SWIFT_ACTIVE_COMPILATION_CONDITIONS = "DEBUG $(inherited)";
				SWIFT_OPTIMIZATION_LEVEL = "-Onone";
			};
			name = Debug;
		};
		BFF381762BDDAAC60010D9EC /* Release */ = {
			isa = XCBuildConfiguration;
			buildSettings = {
				ALWAYS_SEARCH_USER_PATHS = NO;
				ASSETCATALOG_COMPILER_GENERATE_SWIFT_ASSET_SYMBOL_EXTENSIONS = YES;
				CLANG_ANALYZER_NONNULL = YES;
				CLANG_ANALYZER_NUMBER_OBJECT_CONVERSION = YES_AGGRESSIVE;
				CLANG_CXX_LANGUAGE_STANDARD = "gnu++20";
				CLANG_ENABLE_MODULES = YES;
				CLANG_ENABLE_OBJC_ARC = YES;
				CLANG_ENABLE_OBJC_WEAK = YES;
				CLANG_WARN_BLOCK_CAPTURE_AUTORELEASING = YES;
				CLANG_WARN_BOOL_CONVERSION = YES;
				CLANG_WARN_COMMA = YES;
				CLANG_WARN_CONSTANT_CONVERSION = YES;
				CLANG_WARN_DEPRECATED_OBJC_IMPLEMENTATIONS = YES;
				CLANG_WARN_DIRECT_OBJC_ISA_USAGE = YES_ERROR;
				CLANG_WARN_DOCUMENTATION_COMMENTS = YES;
				CLANG_WARN_EMPTY_BODY = YES;
				CLANG_WARN_ENUM_CONVERSION = YES;
				CLANG_WARN_INFINITE_RECURSION = YES;
				CLANG_WARN_INT_CONVERSION = YES;
				CLANG_WARN_NON_LITERAL_NULL_CONVERSION = YES;
				CLANG_WARN_OBJC_IMPLICIT_RETAIN_SELF = YES;
				CLANG_WARN_OBJC_LITERAL_CONVERSION = YES;
				CLANG_WARN_OBJC_ROOT_CLASS = YES_ERROR;
				CLANG_WARN_QUOTED_INCLUDE_IN_FRAMEWORK_HEADER = YES;
				CLANG_WARN_RANGE_LOOP_ANALYSIS = YES;
				CLANG_WARN_STRICT_PROTOTYPES = YES;
				CLANG_WARN_SUSPICIOUS_MOVE = YES;
				CLANG_WARN_UNGUARDED_AVAILABILITY = YES_AGGRESSIVE;
				CLANG_WARN_UNREACHABLE_CODE = YES;
				CLANG_WARN__DUPLICATE_METHOD_MATCH = YES;
				COPY_PHASE_STRIP = NO;
				DEBUG_INFORMATION_FORMAT = "dwarf-with-dsym";
				ENABLE_NS_ASSERTIONS = NO;
				ENABLE_STRICT_OBJC_MSGSEND = YES;
				ENABLE_USER_SCRIPT_SANDBOXING = YES;
				GCC_C_LANGUAGE_STANDARD = gnu17;
				GCC_NO_COMMON_BLOCKS = YES;
				GCC_WARN_64_TO_32_BIT_CONVERSION = YES;
				GCC_WARN_ABOUT_RETURN_TYPE = YES_ERROR;
				GCC_WARN_UNDECLARED_SELECTOR = YES;
				GCC_WARN_UNINITIALIZED_AUTOS = YES_AGGRESSIVE;
				GCC_WARN_UNUSED_FUNCTION = YES;
				GCC_WARN_UNUSED_VARIABLE = YES;
				IPHONEOS_DEPLOYMENT_TARGET = 17.4;
				LOCALIZATION_PREFERS_STRING_CATALOGS = YES;
				MTL_ENABLE_DEBUG_INFO = NO;
				MTL_FAST_MATH = YES;
				SDKROOT = iphoneos;
				SWIFT_COMPILATION_MODE = wholemodule;
				VALIDATE_PRODUCT = YES;
			};
			name = Release;
		};
		BFF381782BDDAAC60010D9EC /* Debug */ = {
			isa = XCBuildConfiguration;
			buildSettings = {
				ASSETCATALOG_COMPILER_APPICON_NAME = AppIcon;
				ASSETCATALOG_COMPILER_GLOBAL_ACCENT_COLOR_NAME = AccentColor;
				CODE_SIGN_STYLE = Automatic;
				CURRENT_PROJECT_VERSION = 1;
				GENERATE_INFOPLIST_FILE = YES;
				INFOPLIST_FILE = PulseNews/Info.plist;
				INFOPLIST_KEY_UIApplicationSupportsIndirectInputEvents = YES;
				INFOPLIST_KEY_UILaunchStoryboardName = LaunchScreen;
				INFOPLIST_KEY_UIMainStoryboardFile = Main;
				INFOPLIST_KEY_UISupportedInterfaceOrientations_iPad = "UIInterfaceOrientationPortrait UIInterfaceOrientationPortraitUpsideDown UIInterfaceOrientationLandscapeLeft UIInterfaceOrientationLandscapeRight";
				INFOPLIST_KEY_UISupportedInterfaceOrientations_iPhone = "UIInterfaceOrientationPortrait UIInterfaceOrientationLandscapeLeft UIInterfaceOrientationLandscapeRight";
				LD_RUNPATH_SEARCH_PATHS = (
					"$(inherited)",
					"@executable_path/Frameworks",
				);
				MARKETING_VERSION = 1.0;
				PRODUCT_BUNDLE_IDENTIFIER = com.rakhymzhan.PulseNews;
				PRODUCT_NAME = "$(TARGET_NAME)";
				SWIFT_EMIT_LOC_STRINGS = YES;
				SWIFT_VERSION = 5.0;
				TARGETED_DEVICE_FAMILY = "1,2";
			};
			name = Debug;
		};
		BFF381792BDDAAC60010D9EC /* Release */ = {
			isa = XCBuildConfiguration;
			buildSettings = {
				ASSETCATALOG_COMPILER_APPICON_NAME = AppIcon;
				ASSETCATALOG_COMPILER_GLOBAL_ACCENT_COLOR_NAME = AccentColor;
				CODE_SIGN_STYLE = Automatic;
				CURRENT_PROJECT_VERSION = 1;
				GENERATE_INFOPLIST_FILE = YES;
				INFOPLIST_FILE = PulseNews/Info.plist;
				INFOPLIST_KEY_UIApplicationSupportsIndirectInputEvents = YES;
				INFOPLIST_KEY_UILaunchStoryboardName = LaunchScreen;
				INFOPLIST_KEY_UIMainStoryboardFile = Main;
				INFOPLIST_KEY_UISupportedInterfaceOrientations_iPad = "UIInterfaceOrientationPortrait UIInterfaceOrientationPortraitUpsideDown UIInterfaceOrientationLandscapeLeft UIInterfaceOrientationLandscapeRight";
				INFOPLIST_KEY_UISupportedInterfaceOrientations_iPhone = "UIInterfaceOrientationPortrait UIInterfaceOrientationLandscapeLeft UIInterfaceOrientationLandscapeRight";
				LD_RUNPATH_SEARCH_PATHS = (
					"$(inherited)",
					"@executable_path/Frameworks",
				);
				MARKETING_VERSION = 1.0;
				PRODUCT_BUNDLE_IDENTIFIER = com.rakhymzhan.PulseNews;
				PRODUCT_NAME = "$(TARGET_NAME)";
				SWIFT_EMIT_LOC_STRINGS = YES;
				SWIFT_VERSION = 5.0;
				TARGETED_DEVICE_FAMILY = "1,2";
			};
			name = Release;
		};
/* End XCBuildConfiguration section */

/* Begin XCConfigurationList section */
		BFF3815E2BDDAAC10010D9EC /* Build configuration list for PBXProject "PulseNews" */ = {
			isa = XCConfigurationList;
			buildConfigurations = (
				BFF381752BDDAAC60010D9EC /* Debug */,
				BFF381762BDDAAC60010D9EC /* Release */,
			);
			defaultConfigurationIsVisible = 0;
			defaultConfigurationName = Release;
		};
		BFF381772BDDAAC60010D9EC /* Build configuration list for PBXNativeTarget "PulseNews" */ = {
			isa = XCConfigurationList;
			buildConfigurations = (
				BFF381782BDDAAC60010D9EC /* Debug */,
				BFF381792BDDAAC60010D9EC /* Release */,
			);
			defaultConfigurationIsVisible = 0;
			defaultConfigurationName = Release;
		};
/* End XCConfigurationList section */
	};
	rootObject = BFF3815B2BDDAAC10010D9EC /* Project object */;
}
